// !$*UTF8*$!
{
	archiveVersion = 1;
	classes = {
	};
	objectVersion = 46;
	objects = {

/* Begin PBXBuildFile section */
		D88B24C91DF42DE9004A184B /* AppDelegate.swift in Sources */ = {isa = PBXBuildFile; fileRef = D88B24C81DF42DE9004A184B /* AppDelegate.swift */; };
		D88B24CB1DF42DE9004A184B /* ViewController.swift in Sources */ = {isa = PBXBuildFile; fileRef = D88B24CA1DF42DE9004A184B /* ViewController.swift */; };
		D88B24CE1DF42DE9004A184B /* Main.storyboard in Resources */ = {isa = PBXBuildFile; fileRef = D88B24CC1DF42DE9004A184B /* Main.storyboard */; };
		D88B24D01DF42DE9004A184B /* Assets.xcassets in Resources */ = {isa = PBXBuildFile; fileRef = D88B24CF1DF42DE9004A184B /* Assets.xcassets */; };
		D88B24D31DF42DE9004A184B /* LaunchScreen.storyboard in Resources */ = {isa = PBXBuildFile; fileRef = D88B24D11DF42DE9004A184B /* LaunchScreen.storyboard */; };
/* End PBXBuildFile section */

/* Begin PBXFileReference section */
		D88B24C51DF42DE9004A184B /* WalkingD.app */ = {isa = PBXFileReference; explicitFileType = wrapper.application; includeInIndex = 0; path = WalkingD.app; sourceTree = BUILT_PRODUCTS_DIR; };
		D88B24C81DF42DE9004A184B /* AppDelegate.swift */ = {isa = PBXFileReference; lastKnownFileType = sourcecode.swift; path = AppDelegate.swift; sourceTree = "<group>"; };
		D88B24CA1DF42DE9004A184B /* ViewController.swift */ = {isa = PBXFileReference; lastKnownFileType = sourcecode.swift; path = ViewController.swift; sourceTree = "<group>"; };
		D88B24CD1DF42DE9004A184B /* Base */ = {isa = PBXFileReference; lastKnownFileType = file.storyboard; name = Base; path = Base.lproj/Main.storyboard; sourceTree = "<group>"; };
		D88B24CF1DF42DE9004A184B /* Assets.xcassets */ = {isa = PBXFileReference; lastKnownFileType = folder.assetcatalog; path = Assets.xcassets; sourceTree = "<group>"; };
		D88B24D21DF42DE9004A184B /* Base */ = {isa = PBXFileReference; lastKnownFileType = file.storyboard; name = Base; path = Base.lproj/LaunchScreen.storyboard; sourceTree = "<group>"; };
		D88B24D41DF42DE9004A184B /* Info.plist */ = {isa = PBXFileReference; lastKnownFileType = text.plist.xml; path = Info.plist; sourceTree = "<group>"; };
/* End PBXFileReference section */

/* Begin PBXFrameworksBuildPhase section */
		D88B24C21DF42DE9004A184B /* Frameworks */ = {
			isa = PBXFrameworksBuildPhase;
			buildActionMask = 2147483647;
			files = (
			);
			runOnlyForDeploymentPostprocessing = 0;
		};
/* End PBXFrameworksBuildPhase section */

/* Begin PBXGroup section */
		D88B24BC1DF42DE9004A184B = {
			isa = PBXGroup;
			children = (
				D88B24C71DF42DE9004A184B /* WalkingD */,
				D88B24C61DF42DE9004A184B /* Products */,
			);
			sourceTree = "<group>";
		};
		D88B24C61DF42DE9004A184B /* Products */ = {
			isa = PBXGroup;
			children = (
				D88B24C51DF42DE9004A184B /* WalkingD.app */,
			);
			name = Products;
			sourceTree = "<group>";
		};
		D88B24C71DF42DE9004A184B /* WalkingD */ = {
			isa = PBXGroup;
			children = (
				D88B24C81DF42DE9004A184B /* AppDelegate.swift */,
				D88B24CA1DF42DE9004A184B /* ViewController.swift */,
				D88B24CC1DF42DE9004A184B /* Main.storyboard */,
				D88B24CF1DF42DE9004A184B /* Assets.xcassets */,
				D88B24D11DF42DE9004A184B /* LaunchScreen.storyboard */,
				D88B24D41DF42DE9004A184B /* Info.plist */,
			);
			path = WalkingD;
			sourceTree = "<group>";
		};
/* End PBXGroup section */

/* Begin PBXNativeTarget section */
		D88B24C41DF42DE9004A184B /* WalkingD */ = {
			isa = PBXNativeTarget;
			buildConfigurationList = D88B24D71DF42DE9004A184B /* Build configuration list for PBXNativeTarget "WalkingD" */;
			buildPhases = (
				D88B24C11DF42DE9004A184B /* Sources */,
				D88B24C21DF42DE9004A184B /* Frameworks */,
				D88B24C31DF42DE9004A184B /* Resources */,
			);
			buildRules = (
			);
			dependencies = (
			);
			name = WalkingD;
			productName = WalkingD;
			productReference = D88B24C51DF42DE9004A184B /* WalkingD.app */;
			productType = "com.apple.product-type.application";
		};
/* End PBXNativeTarget section */

/* Begin PBXProject section */
		D88B24BD1DF42DE9004A184B /* Project object */ = {
			isa = PBXProject;
			attributes = {
				LastSwiftUpdateCheck = 0810;
				LastUpgradeCheck = 0810;
				ORGANIZATIONNAME = "travis lee";
				TargetAttributes = {
					D88B24C41DF42DE9004A184B = {
						CreatedOnToolsVersion = 8.1;
						ProvisioningStyle = Automatic;
					};
				};
			};
			buildConfigurationList = D88B24C01DF42DE9004A184B /* Build configuration list for PBXProject "WalkingD" */;
			compatibilityVersion = "Xcode 3.2";
			developmentRegion = English;
			hasScannedForEncodings = 0;
			knownRegions = (
				en,
				Base,
			);
			mainGroup = D88B24BC1DF42DE9004A184B;
			productRefGroup = D88B24C61DF42DE9004A184B /* Products */;
			projectDirPath = "";
			projectRoot = "";
			targets = (
				D88B24C41DF42DE9004A184B /* WalkingD */,
			);
		};
/* End PBXProject section */

/* Begin PBXResourcesBuildPhase section */
		D88B24C31DF42DE9004A184B /* Resources */ = {
			isa = PBXResourcesBuildPhase;
			buildActionMask = 2147483647;
			files = (
				D88B24D31DF42DE9004A184B /* LaunchScreen.storyboard in Resources */,
				D88B24D01DF42DE9004A184B /* Assets.xcassets in Resources */,
				D88B24CE1DF42DE9004A184B /* Main.storyboard in Resources */,
			);
			runOnlyForDeploymentPostprocessing = 0;
		};
/* End PBXResourcesBuildPhase section */

/* Begin PBXSourcesBuildPhase section */
		D88B24C11DF42DE9004A184B /* Sources */ = {
			isa = PBXSourcesBuildPhase;
			buildActionMask = 2147483647;
			files = (
				D88B24CB1DF42DE9004A184B /* ViewController.swift in Sources */,
				D88B24C91DF42DE9004A184B /* AppDelegate.swift in Sources */,
			);
			runOnlyForDeploymentPostprocessing = 0;
		};
/* End PBXSourcesBuildPhase section */

/* Begin PBXVariantGroup section */
		D88B24CC1DF42DE9004A184B /* Main.storyboard */ = {
			isa = PBXVariantGroup;
			children = (
				D88B24CD1DF42DE9004A184B /* Base */,
			);
			name = Main.storyboard;
			sourceTree = "<group>";
		};
		D88B24D11DF42DE9004A184B /* LaunchScreen.storyboard */ = {
			isa = PBXVariantGroup;
			children = (
				D88B24D21DF42DE9004A184B /* Base */,
			);
			name = LaunchScreen.storyboard;
			sourceTree = "<group>";
		};
/* End PBXVariantGroup section */

/* Begin XCBuildConfiguration section */
		D88B24D51DF42DE9004A184B /* Debug */ = {
			isa = XCBuildConfiguration;
			buildSettings = {
				ALWAYS_SEARCH_USER_PATHS = NO;
				CLANG_ANALYZER_NONNULL = YES;
				CLANG_CXX_LANGUAGE_STANDARD = "gnu++0x";
				CLANG_CXX_LIBRARY = "libc++";
				CLANG_ENABLE_MODULES = YES;
				CLANG_ENABLE_OBJC_ARC = YES;
				CLANG_WARN_BOOL_CONVERSION = YES;
				CLANG_WARN_CONSTANT_CONVERSION = YES;
				CLANG_WARN_DIRECT_OBJC_ISA_USAGE = YES_ERROR;
				CLANG_WARN_DOCUMENTATION_COMMENTS = YES;
				CLANG_WARN_EMPTY_BODY = YES;
				CLANG_WARN_ENUM_CONVERSION = YES;
				CLANG_WARN_INFINITE_RECURSION = YES;
				CLANG_WARN_INT_CONVERSION = YES;
				CLANG_WARN_OBJC_ROOT_CLASS = YES_ERROR;
				CLANG_WARN_SUSPICIOUS_MOVES = YES;
				CLANG_WARN_UNREACHABLE_CODE = YES;
				CLANG_WARN__DUPLICATE_METHOD_MATCH = YES;
				"CODE_SIGN_IDENTITY[sdk=iphoneos*]" = "iPhone Developer";
				COPY_PHASE_STRIP = NO;
				DEBUG_INFORMATION_FORMAT = dwarf;
				ENABLE_STRICT_OBJC_MSGSEND = YES;
				ENABLE_TESTABILITY = YES;
				GCC_C_LANGUAGE_STANDARD = gnu99;
				GCC_DYNAMIC_NO_PIC = NO;
				GCC_NO_COMMON_BLOCKS = YES;
				GCC_OPTIMIZATION_LEVEL = 0;
				GCC_PREPROCESSOR_DEFINITIONS = (
					"DEBUG=1",
					"$(inherited)",
				);
				GCC_WARN_64_TO_32_BIT_CONVERSION = YES;
				GCC_WARN_ABOUT_RETURN_TYPE = YES_ERROR;
				GCC_WARN_UNDECLARED_SELECTOR = YES;
				GCC_WARN_UNINITIALIZED_AUTOS = YES_AGGRESSIVE;
				GCC_WARN_UNUSED_FUNCTION = YES;
				GCC_WARN_UNUSED_VARIABLE = YES;
				IPHONEOS_DEPLOYMENT_TARGET = 10.1;
				MTL_ENABLE_DEBUG_INFO = YES;
				ONLY_ACTIVE_ARCH = YES;
				SDKROOT = iphoneos;
				SWIFT_ACTIVE_COMPILATION_CONDITIONS = DEBUG;
				SWIFT_OPTIMIZATION_LEVEL = "-Onone";
				TARGETED_DEVICE_FAMILY = "1,2";
			};
			name = Debug;
		};
		D88B24D61DF42DE9004A184B /* Release */ = {
			isa = XCBuildConfiguration;
			buildSettings = {
				ALWAYS_SEARCH_USER_PATHS = NO;
				CLANG_ANALYZER_NONNULL = YES;
				CLANG_CXX_LANGUAGE_STANDARD = "gnu++0x";
				CLANG_CXX_LIBRARY = "libc++";
				CLANG_ENABLE_MODULES = YES;
				CLANG_ENABLE_OBJC_ARC = YES;
				CLANG_WARN_BOOL_CONVERSION = YES;
				CLANG_WARN_CONSTANT_CONVERSION = YES;
				CLANG_WARN_DIRECT_OBJC_ISA_USAGE = YES_ERROR;
				CLANG_WARN_DOCUMENTATION_COMMENTS = YES;
				CLANG_WARN_EMPTY_BODY = YES;
				CLANG_WARN_ENUM_CONVERSION = YES;
				CLANG_WARN_INFINITE_RECURSION = YES;
				CLANG_WARN_INT_CONVERSION = YES;
				CLANG_WARN_OBJC_ROOT_CLASS = YES_ERROR;
				CLANG_WARN_SUSPICIOUS_MOVES = YES;
				CLANG_WARN_UNREACHABLE_CODE = YES;
				CLANG_WARN__DUPLICATE_METHOD_MATCH = YES;
				"CODE_SIGN_IDENTITY[sdk=iphoneos*]" = "iPhone Developer";
				COPY_PHASE_STRIP = NO;
				DEBUG_INFORMATION_FORMAT = "dwarf-with-dsym";
				ENABLE_NS_ASSERTIONS = NO;
				ENABLE_STRICT_OBJC_MSGSEND = YES;
				GCC_C_LANGUAGE_STANDARD = gnu99;
				GCC_NO_COMMON_BLOCKS = YES;
				GCC_WARN_64_TO_32_BIT_CONVERSION = YES;
				GCC_WARN_ABOUT_RETURN_TYPE = YES_ERROR;
				GCC_WARN_UNDECLARED_SELECTOR = YES;
				GCC_WARN_UNINITIALIZED_AUTOS = YES_AGGRESSIVE;
				GCC_WARN_UNUSED_FUNCTION = YES;
				GCC_WARN_UNUSED_VARIABLE = YES;
				IPHONEOS_DEPLOYMENT_TARGET = 10.1;
				MTL_ENABLE_DEBUG_INFO = NO;
				SDKROOT = iphoneos;
				SWIFT_OPTIMIZATION_LEVEL = "-Owholemodule";
				TARGETED_DEVICE_FAMILY = "1,2";
				VALIDATE_PRODUCT = YES;
			};
			name = Release;
		};
		D88B24D81DF42DE9004A184B /* Debug */ = {
			isa = XCBuildConfiguration;
			buildSettings = {
				ASSETCATALOG_COMPILER_APPICON_NAME = AppIcon;
				INFOPLIST_FILE = WalkingD/Info.plist;
				LD_RUNPATH_SEARCH_PATHS = "$(inherited) @executable_path/Frameworks";
				PRODUCT_BUNDLE_IDENTIFIER = com.ek.WalkingD;
				PRODUCT_NAME = "$(TARGET_NAME)";
				SWIFT_VERSION = 3.0;
			};
			name = Debug;
		};
		D88B24D91DF42DE9004A184B /* Release */ = {
			isa = XCBuildConfiguration;
			buildSettings = {
				ASSETCATALOG_COMPILER_APPICON_NAME = AppIcon;
				INFOPLIST_FILE = WalkingD/Info.plist;
				LD_RUNPATH_SEARCH_PATHS = "$(inherited) @executable_path/Frameworks";
				PRODUCT_BUNDLE_IDENTIFIER = com.ek.WalkingD;
				PRODUCT_NAME = "$(TARGET_NAME)";
				SWIFT_VERSION = 3.0;
			};
			name = Release;
		};
/* End XCBuildConfiguration section */

/* Begin XCConfigurationList section */
		D88B24C01DF42DE9004A184B /* Build configuration list for PBXProject "WalkingD" */ = {
			isa = XCConfigurationList;
			buildConfigurations = (
				D88B24D51DF42DE9004A184B /* Debug */,
				D88B24D61DF42DE9004A184B /* Release */,
			);
			defaultConfigurationIsVisible = 0;
			defaultConfigurationName = Release;
		};
		D88B24D71DF42DE9004A184B /* Build configuration list for PBXNativeTarget "WalkingD" */ = {
			isa = XCConfigurationList;
			buildConfigurations = (
				D88B24D81DF42DE9004A184B /* Debug */,
				D88B24D91DF42DE9004A184B /* Release */,
			);
			defaultConfigurationIsVisible = 0;
		};
/* End XCConfigurationList section */
	};
	rootObject = D88B24BD1DF42DE9004A184B /* Project object */;
}
